
Microsoft Visual Studio Solution File, Format Version 12.00
# Visual Studio Version 17
VisualStudioVersion = 17.5.33424.131
MinimumVisualStudioVersion = 10.0.40219.1
Project("{9A19103F-16F7-4668-BE54-9A1E7A4F7556}") = "Parcs.Daemon", "src\Parcs.Daemon\Parcs.Daemon.csproj", "{9868AF2C-7537-4215-8102-E68AD0033386}"
EndProject
Project("{E53339B2-1760-4266-BCC7-CA923CBCF16C}") = "docker-compose", "src\docker-compose.dcproj", "{3E63CE55-2662-4204-9DF7-A0C0B1D84BA8}"
EndProject
Project("{2150E333-8FDC-42A3-9474-1A3956D46DE8}") = "src", "src", "{6E753C81-CC3C-4A85-BC67-B7D2F4F28881}"
EndProject
Project("{2150E333-8FDC-42A3-9474-1A3956D46DE8}") = "tests", "tests", "{6C306C2C-0AC5-43A3-9A69-013DB3DEC482}"
EndProject
Project("{2150E333-8FDC-42A3-9474-1A3956D46DE8}") = "modules", "modules", "{D4150577-5F2D-4343-821C-6DA8FCA60239}"
EndProject
Project("{9A19103F-16F7-4668-BE54-9A1E7A4F7556}") = "Parcs.Modules.Sample", "modules\Parcs.Modules.Sample\Parcs.Modules.Sample.csproj", "{CDAEAD10-AEA7-42CD-99A1-42401D48CFF5}"
EndProject
Project("{9A19103F-16F7-4668-BE54-9A1E7A4F7556}") = "Parcs.Modules.Integral", "modules\Parcs.Modules.Integral\Parcs.Modules.Integral.csproj", "{09F004C3-AEA1-4631-A290-6EA0E73B30C5}"
EndProject
Project("{9A19103F-16F7-4668-BE54-9A1E7A4F7556}") = "Parcs.Modules.MatrixesMultiplication", "modules\Parcs.Modules.MatrixesMultiplication\Parcs.Modules.MatrixesMultiplication.csproj", "{1CE107DB-19DF-4232-98A7-F463629D81BD}"
EndProject
Project("{9A19103F-16F7-4668-BE54-9A1E7A4F7556}") = "Parcs.Portal", "src\Parcs.Portal\Parcs.Portal.csproj", "{2A3D6E4D-8682-4949-9760-2DA21D2708BC}"
EndProject
Project("{9A19103F-16F7-4668-BE54-9A1E7A4F7556}") = "Parcs.Net", "src\Parcs.Net\Parcs.Net.csproj", "{AF997192-7AE6-47C4-A550-99EBBD12E4F7}"
EndProject
Project("{9A19103F-16F7-4668-BE54-9A1E7A4F7556}") = "Parcs.Modules.FloydWarshall", "modules\Parcs.Modules.FloydWarshall\Parcs.Modules.FloydWarshall.csproj", "{AFA29635-77E5-443B-B9FA-945B97A32A52}"
EndProject
Project("{2150E333-8FDC-42A3-9474-1A3956D46DE8}") = "Solution Items", "Solution Items", "{2B8E7431-D6A7-451F-BF4E-D70ADE561EC2}"
EndProject
Project("{2150E333-8FDC-42A3-9474-1A3956D46DE8}") = "kube", "kube", "{9A51C28B-99DB-421A-879D-F3F12BAE0A4C}"
	ProjectSection(SolutionItems) = preProject
		kube\deployment.yaml = kube\deployment.yaml
	EndProjectSection
EndProject
Project("{2150E333-8FDC-42A3-9474-1A3956D46DE8}") = "infra", "infra", "{1B4570A7-808B-4C44-B2A0-D9AB7A6D9501}"
	ProjectSection(SolutionItems) = preProject
		infra\azuredeploy.json = infra\azuredeploy.json
		infra\azuredeploy.parameters.json = infra\azuredeploy.parameters.json
		infra\main.bicep = infra\main.bicep
		infra\resources.bicep = infra\resources.bicep
	EndProjectSection
EndProject
Project("{9A19103F-16F7-4668-BE54-9A1E7A4F7556}") = "Parcs.Core", "src\Parcs.Core\Parcs.Core.csproj", "{5540FD88-EFBD-4C74-BA2F-7443A95F79C7}"
EndProject
Project("{9A19103F-16F7-4668-BE54-9A1E7A4F7556}") = "Parcs.Host", "src\Parcs.Host\Parcs.Host.csproj", "{DF9A2B32-C703-47D3-A7D4-30726F7D3D69}"
EndProject
Global
	GlobalSection(SolutionConfigurationPlatforms) = preSolution
		Debug|Any CPU = Debug|Any CPU
		Release|Any CPU = Release|Any CPU
	EndGlobalSection
	GlobalSection(ProjectConfigurationPlatforms) = postSolution
		{9868AF2C-7537-4215-8102-E68AD0033386}.Debug|Any CPU.ActiveCfg = Debug|Any CPU
		{9868AF2C-7537-4215-8102-E68AD0033386}.Debug|Any CPU.Build.0 = Debug|Any CPU
		{9868AF2C-7537-4215-8102-E68AD0033386}.Release|Any CPU.ActiveCfg = Release|Any CPU
		{9868AF2C-7537-4215-8102-E68AD0033386}.Release|Any CPU.Build.0 = Release|Any CPU
		{3E63CE55-2662-4204-9DF7-A0C0B1D84BA8}.Debug|Any CPU.ActiveCfg = Debug|Any CPU
		{3E63CE55-2662-4204-9DF7-A0C0B1D84BA8}.Debug|Any CPU.Build.0 = Debug|Any CPU
		{3E63CE55-2662-4204-9DF7-A0C0B1D84BA8}.Release|Any CPU.ActiveCfg = Release|Any CPU
		{3E63CE55-2662-4204-9DF7-A0C0B1D84BA8}.Release|Any CPU.Build.0 = Release|Any CPU
		{CDAEAD10-AEA7-42CD-99A1-42401D48CFF5}.Debug|Any CPU.ActiveCfg = Debug|Any CPU
		{CDAEAD10-AEA7-42CD-99A1-42401D48CFF5}.Debug|Any CPU.Build.0 = Debug|Any CPU
		{CDAEAD10-AEA7-42CD-99A1-42401D48CFF5}.Release|Any CPU.ActiveCfg = Release|Any CPU
		{CDAEAD10-AEA7-42CD-99A1-42401D48CFF5}.Release|Any CPU.Build.0 = Release|Any CPU
		{09F004C3-AEA1-4631-A290-6EA0E73B30C5}.Debug|Any CPU.ActiveCfg = Debug|Any CPU
		{09F004C3-AEA1-4631-A290-6EA0E73B30C5}.Debug|Any CPU.Build.0 = Debug|Any CPU
		{09F004C3-AEA1-4631-A290-6EA0E73B30C5}.Release|Any CPU.ActiveCfg = Release|Any CPU
		{09F004C3-AEA1-4631-A290-6EA0E73B30C5}.Release|Any CPU.Build.0 = Release|Any CPU
		{1CE107DB-19DF-4232-98A7-F463629D81BD}.Debug|Any CPU.ActiveCfg = Debug|Any CPU
		{1CE107DB-19DF-4232-98A7-F463629D81BD}.Debug|Any CPU.Build.0 = Debug|Any CPU
		{1CE107DB-19DF-4232-98A7-F463629D81BD}.Release|Any CPU.ActiveCfg = Release|Any CPU
		{1CE107DB-19DF-4232-98A7-F463629D81BD}.Release|Any CPU.Build.0 = Release|Any CPU
		{2A3D6E4D-8682-4949-9760-2DA21D2708BC}.Debug|Any CPU.ActiveCfg = Debug|Any CPU
		{2A3D6E4D-8682-4949-9760-2DA21D2708BC}.Debug|Any CPU.Build.0 = Debug|Any CPU
		{2A3D6E4D-8682-4949-9760-2DA21D2708BC}.Release|Any CPU.ActiveCfg = Release|Any CPU
		{2A3D6E4D-8682-4949-9760-2DA21D2708BC}.Release|Any CPU.Build.0 = Release|Any CPU
		{AF997192-7AE6-47C4-A550-99EBBD12E4F7}.Debug|Any CPU.ActiveCfg = Debug|Any CPU
		{AF997192-7AE6-47C4-A550-99EBBD12E4F7}.Debug|Any CPU.Build.0 = Debug|Any CPU
		{AF997192-7AE6-47C4-A550-99EBBD12E4F7}.Release|Any CPU.ActiveCfg = Release|Any CPU
		{AF997192-7AE6-47C4-A550-99EBBD12E4F7}.Release|Any CPU.Build.0 = Release|Any CPU
		{AFA29635-77E5-443B-B9FA-945B97A32A52}.Debug|Any CPU.ActiveCfg = Debug|Any CPU
		{AFA29635-77E5-443B-B9FA-945B97A32A52}.Debug|Any CPU.Build.0 = Debug|Any CPU
		{AFA29635-77E5-443B-B9FA-945B97A32A52}.Release|Any CPU.ActiveCfg = Release|Any CPU
		{AFA29635-77E5-443B-B9FA-945B97A32A52}.Release|Any CPU.Build.0 = Release|Any CPU
		{5540FD88-EFBD-4C74-BA2F-7443A95F79C7}.Debug|Any CPU.ActiveCfg = Debug|Any CPU
		{5540FD88-EFBD-4C74-BA2F-7443A95F79C7}.Debug|Any CPU.Build.0 = Debug|Any CPU
		{5540FD88-EFBD-4C74-BA2F-7443A95F79C7}.Release|Any CPU.ActiveCfg = Release|Any CPU
		{5540FD88-EFBD-4C74-BA2F-7443A95F79C7}.Release|Any CPU.Build.0 = Release|Any CPU
		{DF9A2B32-C703-47D3-A7D4-30726F7D3D69}.Debug|Any CPU.ActiveCfg = Debug|Any CPU
		{DF9A2B32-C703-47D3-A7D4-30726F7D3D69}.Debug|Any CPU.Build.0 = Debug|Any CPU
		{DF9A2B32-C703-47D3-A7D4-30726F7D3D69}.Release|Any CPU.ActiveCfg = Release|Any CPU
		{DF9A2B32-C703-47D3-A7D4-30726F7D3D69}.Release|Any CPU.Build.0 = Release|Any CPU
	EndGlobalSection
	GlobalSection(SolutionProperties) = preSolution
		HideSolutionNode = FALSE
	EndGlobalSection
	GlobalSection(NestedProjects) = preSolution
		{9868AF2C-7537-4215-8102-E68AD0033386} = {6E753C81-CC3C-4A85-BC67-B7D2F4F28881}
		{3E63CE55-2662-4204-9DF7-A0C0B1D84BA8} = {6E753C81-CC3C-4A85-BC67-B7D2F4F28881}
		{CDAEAD10-AEA7-42CD-99A1-42401D48CFF5} = {D4150577-5F2D-4343-821C-6DA8FCA60239}
		{09F004C3-AEA1-4631-A290-6EA0E73B30C5} = {D4150577-5F2D-4343-821C-6DA8FCA60239}
		{1CE107DB-19DF-4232-98A7-F463629D81BD} = {D4150577-5F2D-4343-821C-6DA8FCA60239}
		{2A3D6E4D-8682-4949-9760-2DA21D2708BC} = {6E753C81-CC3C-4A85-BC67-B7D2F4F28881}
		{AF997192-7AE6-47C4-A550-99EBBD12E4F7} = {6E753C81-CC3C-4A85-BC67-B7D2F4F28881}
		{AFA29635-77E5-443B-B9FA-945B97A32A52} = {D4150577-5F2D-4343-821C-6DA8FCA60239}
		{9A51C28B-99DB-421A-879D-F3F12BAE0A4C} = {2B8E7431-D6A7-451F-BF4E-D70ADE561EC2}
		{1B4570A7-808B-4C44-B2A0-D9AB7A6D9501} = {2B8E7431-D6A7-451F-BF4E-D70ADE561EC2}
		{5540FD88-EFBD-4C74-BA2F-7443A95F79C7} = {6E753C81-CC3C-4A85-BC67-B7D2F4F28881}
		{DF9A2B32-C703-47D3-A7D4-30726F7D3D69} = {6E753C81-CC3C-4A85-BC67-B7D2F4F28881}
	EndGlobalSection
	GlobalSection(ExtensibilityGlobals) = postSolution
		SolutionGuid = {A7E44F1B-D2FC-4A94-B95F-0558B70A9B92}
	EndGlobalSection
EndGlobal
