
Microsoft Visual Studio Solution File, Format Version 12.00
# Visual Studio Version 17
VisualStudioVersion = 17.5.33424.131
MinimumVisualStudioVersion = 10.0.40219.1
Project("{9A19103F-16F7-4668-BE54-9A1E7A4F7556}") = "Parcs.AzurePortal", "src\Parcs.AzurePortal\Parcs.AzurePortal.csproj", "{E7DE7BBE-AC10-47D3-A9E0-A4E54B092C76}"
EndProject
Project("{9A19103F-16F7-4668-BE54-9A1E7A4F7556}") = "Parcs.Net", "src\Parcs.Core\Parcs.Net.csproj", "{D2E2073C-817F-4DAD-82A5-A313046C1380}"
EndProject
Project("{9A19103F-16F7-4668-BE54-9A1E7A4F7556}") = "Parcs.Daemon", "src\Parcs.Daemon\Parcs.Daemon.csproj", "{9868AF2C-7537-4215-8102-E68AD0033386}"
EndProject
Project("{E53339B2-1760-4266-BCC7-CA923CBCF16C}") = "docker-compose", "src\docker-compose.dcproj", "{3E63CE55-2662-4204-9DF7-A0C0B1D84BA8}"
EndProject
Project("{9A19103F-16F7-4668-BE54-9A1E7A4F7556}") = "Parcs.HostAPI", "src\Parcs.HostAPI\Parcs.HostAPI.csproj", "{3F197760-B990-4D68-B2F8-D3C8BD00A036}"
EndProject
Project("{2150E333-8FDC-42A3-9474-1A3956D46DE8}") = "src", "src", "{6E753C81-CC3C-4A85-BC67-B7D2F4F28881}"
EndProject
Project("{2150E333-8FDC-42A3-9474-1A3956D46DE8}") = "tests", "tests", "{6C306C2C-0AC5-43A3-9A69-013DB3DEC482}"
EndProject
Project("{2150E333-8FDC-42A3-9474-1A3956D46DE8}") = "modules", "modules", "{D4150577-5F2D-4343-821C-6DA8FCA60239}"
EndProject
Project("{9A19103F-16F7-4668-BE54-9A1E7A4F7556}") = "Parcs.Shared", "src\Parcs.Shared\Parcs.Shared.csproj", "{EEAC1D5F-F691-460D-9867-4D4BF9297D17}"
EndProject
Project("{9A19103F-16F7-4668-BE54-9A1E7A4F7556}") = "Parcs.Modules.Sample", "modules\Parcs.Modules.Sample\Parcs.Modules.Sample.csproj", "{CDAEAD10-AEA7-42CD-99A1-42401D48CFF5}"
EndProject
Global
	GlobalSection(SolutionConfigurationPlatforms) = preSolution
		Debug|Any CPU = Debug|Any CPU
		Release|Any CPU = Release|Any CPU
	EndGlobalSection
	GlobalSection(ProjectConfigurationPlatforms) = postSolution
		{E7DE7BBE-AC10-47D3-A9E0-A4E54B092C76}.Debug|Any CPU.ActiveCfg = Debug|Any CPU
		{E7DE7BBE-AC10-47D3-A9E0-A4E54B092C76}.Debug|Any CPU.Build.0 = Debug|Any CPU
		{E7DE7BBE-AC10-47D3-A9E0-A4E54B092C76}.Release|Any CPU.ActiveCfg = Release|Any CPU
		{E7DE7BBE-AC10-47D3-A9E0-A4E54B092C76}.Release|Any CPU.Build.0 = Release|Any CPU
		{D2E2073C-817F-4DAD-82A5-A313046C1380}.Debug|Any CPU.ActiveCfg = Debug|Any CPU
		{D2E2073C-817F-4DAD-82A5-A313046C1380}.Debug|Any CPU.Build.0 = Debug|Any CPU
		{D2E2073C-817F-4DAD-82A5-A313046C1380}.Release|Any CPU.ActiveCfg = Release|Any CPU
		{D2E2073C-817F-4DAD-82A5-A313046C1380}.Release|Any CPU.Build.0 = Release|Any CPU
		{9868AF2C-7537-4215-8102-E68AD0033386}.Debug|Any CPU.ActiveCfg = Debug|Any CPU
		{9868AF2C-7537-4215-8102-E68AD0033386}.Debug|Any CPU.Build.0 = Debug|Any CPU
		{9868AF2C-7537-4215-8102-E68AD0033386}.Release|Any CPU.ActiveCfg = Release|Any CPU
		{9868AF2C-7537-4215-8102-E68AD0033386}.Release|Any CPU.Build.0 = Release|Any CPU
		{3E63CE55-2662-4204-9DF7-A0C0B1D84BA8}.Debug|Any CPU.ActiveCfg = Debug|Any CPU
		{3E63CE55-2662-4204-9DF7-A0C0B1D84BA8}.Debug|Any CPU.Build.0 = Debug|Any CPU
		{3E63CE55-2662-4204-9DF7-A0C0B1D84BA8}.Release|Any CPU.ActiveCfg = Release|Any CPU
		{3E63CE55-2662-4204-9DF7-A0C0B1D84BA8}.Release|Any CPU.Build.0 = Release|Any CPU
		{3F197760-B990-4D68-B2F8-D3C8BD00A036}.Debug|Any CPU.ActiveCfg = Debug|Any CPU
		{3F197760-B990-4D68-B2F8-D3C8BD00A036}.Debug|Any CPU.Build.0 = Debug|Any CPU
		{3F197760-B990-4D68-B2F8-D3C8BD00A036}.Release|Any CPU.ActiveCfg = Release|Any CPU
		{3F197760-B990-4D68-B2F8-D3C8BD00A036}.Release|Any CPU.Build.0 = Release|Any CPU
		{EEAC1D5F-F691-460D-9867-4D4BF9297D17}.Debug|Any CPU.ActiveCfg = Debug|Any CPU
		{EEAC1D5F-F691-460D-9867-4D4BF9297D17}.Debug|Any CPU.Build.0 = Debug|Any CPU
		{EEAC1D5F-F691-460D-9867-4D4BF9297D17}.Release|Any CPU.ActiveCfg = Release|Any CPU
		{EEAC1D5F-F691-460D-9867-4D4BF9297D17}.Release|Any CPU.Build.0 = Release|Any CPU
		{CDAEAD10-AEA7-42CD-99A1-42401D48CFF5}.Debug|Any CPU.ActiveCfg = Debug|Any CPU
		{CDAEAD10-AEA7-42CD-99A1-42401D48CFF5}.Debug|Any CPU.Build.0 = Debug|Any CPU
		{CDAEAD10-AEA7-42CD-99A1-42401D48CFF5}.Release|Any CPU.ActiveCfg = Release|Any CPU
		{CDAEAD10-AEA7-42CD-99A1-42401D48CFF5}.Release|Any CPU.Build.0 = Release|Any CPU
	EndGlobalSection
	GlobalSection(SolutionProperties) = preSolution
		HideSolutionNode = FALSE
	EndGlobalSection
	GlobalSection(NestedProjects) = preSolution
		{E7DE7BBE-AC10-47D3-A9E0-A4E54B092C76} = {6E753C81-CC3C-4A85-BC67-B7D2F4F28881}
		{D2E2073C-817F-4DAD-82A5-A313046C1380} = {6E753C81-CC3C-4A85-BC67-B7D2F4F28881}
		{9868AF2C-7537-4215-8102-E68AD0033386} = {6E753C81-CC3C-4A85-BC67-B7D2F4F28881}
		{3E63CE55-2662-4204-9DF7-A0C0B1D84BA8} = {6E753C81-CC3C-4A85-BC67-B7D2F4F28881}
		{3F197760-B990-4D68-B2F8-D3C8BD00A036} = {6E753C81-CC3C-4A85-BC67-B7D2F4F28881}
		{EEAC1D5F-F691-460D-9867-4D4BF9297D17} = {6E753C81-CC3C-4A85-BC67-B7D2F4F28881}
		{CDAEAD10-AEA7-42CD-99A1-42401D48CFF5} = {D4150577-5F2D-4343-821C-6DA8FCA60239}
	EndGlobalSection
	GlobalSection(ExtensibilityGlobals) = postSolution
		SolutionGuid = {A7E44F1B-D2FC-4A94-B95F-0558B70A9B92}
	EndGlobalSection
EndGlobal
